
Microsoft Visual Studio Solution File, Format Version 12.00
# Visual Studio Version 17
VisualStudioVersion = 17.5.002.0
MinimumVisualStudioVersion = 10.0.40219.1
Project("{9A19103F-16F7-4668-BE54-9A1E7A4F7556}") = "COMMONWeb - Copy (2)", "COMMONWeb - Copy (2).csproj", "{57C20E7D-542E-4B1D-98A2-E3C7330229F0}"
EndProject
Project("{9A19103F-16F7-4668-BE54-9A1E7A4F7556}") = "COMMONWeb - Copy (3)", "COMMONWeb - Copy (3).csproj", "{BDFD93AE-1C13-460D-B0F7-5F68DB3F4CE4}"
EndProject
Project("{9A19103F-16F7-4668-BE54-9A1E7A4F7556}") = "COMMONWeb - Copy", "COMMONWeb - Copy.csproj", "{0739C170-445A-45C0-9636-DEA4B5E23115}"
EndProject
Project("{9A19103F-16F7-4668-BE54-9A1E7A4F7556}") = "COMMONWeb-backup", "COMMONWeb-backup.csproj", "{F1D8E1EC-279A-4A41-9E7B-914D2CF1114C}"
EndProject
Project("{9A19103F-16F7-4668-BE54-9A1E7A4F7556}") = "COMMONWeb", "COMMONWeb.csproj", "{A3C9F19A-4D08-46BC-BA31-F97971C290A4}"
EndProject
Global
	GlobalSection(SolutionConfigurationPlatforms) = preSolution
		Debug|Any CPU = Debug|Any CPU
		Release|Any CPU = Release|Any CPU
	EndGlobalSection
	GlobalSection(ProjectConfigurationPlatforms) = postSolution
		{57C20E7D-542E-4B1D-98A2-E3C7330229F0}.Debug|Any CPU.ActiveCfg = Debug|Any CPU
		{57C20E7D-542E-4B1D-98A2-E3C7330229F0}.Debug|Any CPU.Build.0 = Debug|Any CPU
		{57C20E7D-542E-4B1D-98A2-E3C7330229F0}.Release|Any CPU.ActiveCfg = Release|Any CPU
		{57C20E7D-542E-4B1D-98A2-E3C7330229F0}.Release|Any CPU.Build.0 = Release|Any CPU
		{BDFD93AE-1C13-460D-B0F7-5F68DB3F4CE4}.Debug|Any CPU.ActiveCfg = Debug|Any CPU
		{BDFD93AE-1C13-460D-B0F7-5F68DB3F4CE4}.Debug|Any CPU.Build.0 = Debug|Any CPU
		{BDFD93AE-1C13-460D-B0F7-5F68DB3F4CE4}.Release|Any CPU.ActiveCfg = Release|Any CPU
		{BDFD93AE-1C13-460D-B0F7-5F68DB3F4CE4}.Release|Any CPU.Build.0 = Release|Any CPU
		{0739C170-445A-45C0-9636-DEA4B5E23115}.Debug|Any CPU.ActiveCfg = Debug|Any CPU
		{0739C170-445A-45C0-9636-DEA4B5E23115}.Debug|Any CPU.Build.0 = Debug|Any CPU
		{0739C170-445A-45C0-9636-DEA4B5E23115}.Release|Any CPU.ActiveCfg = Release|Any CPU
		{0739C170-445A-45C0-9636-DEA4B5E23115}.Release|Any CPU.Build.0 = Release|Any CPU
		{F1D8E1EC-279A-4A41-9E7B-914D2CF1114C}.Debug|Any CPU.ActiveCfg = Debug|Any CPU
		{F1D8E1EC-279A-4A41-9E7B-914D2CF1114C}.Debug|Any CPU.Build.0 = Debug|Any CPU
		{F1D8E1EC-279A-4A41-9E7B-914D2CF1114C}.Release|Any CPU.ActiveCfg = Release|Any CPU
		{F1D8E1EC-279A-4A41-9E7B-914D2CF1114C}.Release|Any CPU.Build.0 = Release|Any CPU
		{A3C9F19A-4D08-46BC-BA31-F97971C290A4}.Debug|Any CPU.ActiveCfg = Debug|Any CPU
		{A3C9F19A-4D08-46BC-BA31-F97971C290A4}.Debug|Any CPU.Build.0 = Debug|Any CPU
		{A3C9F19A-4D08-46BC-BA31-F97971C290A4}.Release|Any CPU.ActiveCfg = Release|Any CPU
		{A3C9F19A-4D08-46BC-BA31-F97971C290A4}.Release|Any CPU.Build.0 = Release|Any CPU
	EndGlobalSection
	GlobalSection(SolutionProperties) = preSolution
		HideSolutionNode = FALSE
	EndGlobalSection
	GlobalSection(ExtensibilityGlobals) = postSolution
		SolutionGuid = {51EC54D7-3757-4FDD-80CB-CAC06EF79393}
	EndGlobalSection
EndGlobal
